// !$*UTF8*$!
{
	archiveVersion = 1;
	classes = {
	};
	objectVersion = 56;
	objects = {

/* Begin PBXBuildFile section */
		DCB9D6642B8CC20D006419A1 /* matrix_6_2.board in CopyFiles */ = {isa = PBXBuildFile; fileRef = DCB9D6612B8CC1E3006419A1 /* matrix_6_2.board */; };
		DCB9D6652B8CC20D006419A1 /* matrix_7_5.board in CopyFiles */ = {isa = PBXBuildFile; fileRef = DCB9D65C2B8CC1E3006419A1 /* matrix_7_5.board */; };
		DCB9D6662B8CC20D006419A1 /* matrix_9_3.board in CopyFiles */ = {isa = PBXBuildFile; fileRef = DCB9D65E2B8CC1E3006419A1 /* matrix_9_3.board */; };
		DCB9D6672B8CC20D006419A1 /* matrix_12_4.board in CopyFiles */ = {isa = PBXBuildFile; fileRef = DCB9D65F2B8CC1E3006419A1 /* matrix_12_4.board */; };
		DCB9D6682B8CC20D006419A1 /* matrix_18_8.board in CopyFiles */ = {isa = PBXBuildFile; fileRef = DCB9D65D2B8CC1E3006419A1 /* matrix_18_8.board */; };
		DCB9D6692B8CC20D006419A1 /* matrix_20_4.board in CopyFiles */ = {isa = PBXBuildFile; fileRef = DCB9D6622B8CC1E3006419A1 /* matrix_20_4.board */; };
		DCB9D66A2B8CC20D006419A1 /* matrix_50_10.board in CopyFiles */ = {isa = PBXBuildFile; fileRef = DCB9D6602B8CC1E3006419A1 /* matrix_50_10.board */; };
		DCB9D66B2B8CC20D006419A1 /* matrix_4_2.board in CopyFiles */ = {isa = PBXBuildFile; fileRef = DCB9D6632B8CC204006419A1 /* matrix_4_2.board */; };
		DCDB35DA2ADDBC110037E10E /* habibe.koseoglu_Koseoglu_Habibe_ hw1.cpp in Sources */ = {isa = PBXBuildFile; fileRef = DCDB35D92ADDBC110037E10E /* habibe.koseoglu_Koseoglu_Habibe_ hw1.cpp */; };
/* End PBXBuildFile section */

/* Begin PBXCopyFilesBuildPhase section */
		DCB9D65B2B8CC1C6006419A1 /* CopyFiles */ = {
			isa = PBXCopyFilesBuildPhase;
			buildActionMask = 2147483647;
			dstPath = "";
			dstSubfolderSpec = 7;
			files = (
				DCB9D6642B8CC20D006419A1 /* matrix_6_2.board in CopyFiles */,
				DCB9D6652B8CC20D006419A1 /* matrix_7_5.board in CopyFiles */,
				DCB9D6662B8CC20D006419A1 /* matrix_9_3.board in CopyFiles */,
				DCB9D6672B8CC20D006419A1 /* matrix_12_4.board in CopyFiles */,
				DCB9D6682B8CC20D006419A1 /* matrix_18_8.board in CopyFiles */,
				DCB9D6692B8CC20D006419A1 /* matrix_20_4.board in CopyFiles */,
				DCB9D66A2B8CC20D006419A1 /* matrix_50_10.board in CopyFiles */,
				DCB9D66B2B8CC20D006419A1 /* matrix_4_2.board in CopyFiles */,
			);
			runOnlyForDeploymentPostprocessing = 0;
		};
		DCDB35D42ADDBC110037E10E /* CopyFiles */ = {
			isa = PBXCopyFilesBuildPhase;
			buildActionMask = 2147483647;
			dstPath = /usr/share/man/man1/;
			dstSubfolderSpec = 0;
			files = (
			);
			runOnlyForDeploymentPostprocessing = 1;
		};
/* End PBXCopyFilesBuildPhase section */

/* Begin PBXFileReference section */
		DCB9D65C2B8CC1E3006419A1 /* matrix_7_5.board */ = {isa = PBXFileReference; fileEncoding = 4; lastKnownFileType = text; name = matrix_7_5.board; path = "../../HW#1/matrix_7_5.board"; sourceTree = "<group>"; };
		DCB9D65D2B8CC1E3006419A1 /* matrix_18_8.board */ = {isa = PBXFileReference; fileEncoding = 4; lastKnownFileType = text; name = matrix_18_8.board; path = "../../HW#1/matrix_18_8.board"; sourceTree = "<group>"; };
		DCB9D65E2B8CC1E3006419A1 /* matrix_9_3.board */ = {isa = PBXFileReference; fileEncoding = 4; lastKnownFileType = text; name = matrix_9_3.board; path = "../../HW#1/matrix_9_3.board"; sourceTree = "<group>"; };
		DCB9D65F2B8CC1E3006419A1 /* matrix_12_4.board */ = {isa = PBXFileReference; fileEncoding = 4; lastKnownFileType = text; name = matrix_12_4.board; path = "../../HW#1/matrix_12_4.board"; sourceTree = "<group>"; };
		DCB9D6602B8CC1E3006419A1 /* matrix_50_10.board */ = {isa = PBXFileReference; fileEncoding = 4; lastKnownFileType = text; name = matrix_50_10.board; path = "../../HW#1/matrix_50_10.board"; sourceTree = "<group>"; };
		DCB9D6612B8CC1E3006419A1 /* matrix_6_2.board */ = {isa = PBXFileReference; fileEncoding = 4; lastKnownFileType = text; name = matrix_6_2.board; path = "../../HW#1/matrix_6_2.board"; sourceTree = "<group>"; };
		DCB9D6622B8CC1E3006419A1 /* matrix_20_4.board */ = {isa = PBXFileReference; fileEncoding = 4; lastKnownFileType = text; name = matrix_20_4.board; path = "../../HW#1/matrix_20_4.board"; sourceTree = "<group>"; };
		DCB9D6632B8CC204006419A1 /* matrix_4_2.board */ = {isa = PBXFileReference; fileEncoding = 4; lastKnownFileType = text; name = matrix_4_2.board; path = "../../HW#1/matrix_4_2.board"; sourceTree = "<group>"; };
		DCDB35D62ADDBC110037E10E /* hw1testcs204 */ = {isa = PBXFileReference; explicitFileType = "compiled.mach-o.executable"; includeInIndex = 0; path = hw1testcs204; sourceTree = BUILT_PRODUCTS_DIR; };
		DCDB35D92ADDBC110037E10E /* habibe.koseoglu_Koseoglu_Habibe_ hw1.cpp */ = {isa = PBXFileReference; lastKnownFileType = sourcecode.cpp.cpp; path = "habibe.koseoglu_Koseoglu_Habibe_ hw1.cpp"; sourceTree = "<group>"; };
/* End PBXFileReference section */

/* Begin PBXFrameworksBuildPhase section */
		DCDB35D32ADDBC110037E10E /* Frameworks */ = {
			isa = PBXFrameworksBuildPhase;
			buildActionMask = 2147483647;
			files = (
			);
			runOnlyForDeploymentPostprocessing = 0;
		};
/* End PBXFrameworksBuildPhase section */

/* Begin PBXGroup section */
		DCDB35CD2ADDBC110037E10E = {
			isa = PBXGroup;
			children = (
				DCDB35D82ADDBC110037E10E /* habibe.koseoglu_Koseoglu_Habibe_ hw1 */,
				DCDB35D72ADDBC110037E10E /* Products */,
			);
			sourceTree = "<group>";
		};
		DCDB35D72ADDBC110037E10E /* Products */ = {
			isa = PBXGroup;
			children = (
				DCDB35D62ADDBC110037E10E /* hw1testcs204 */,
			);
			name = Products;
			sourceTree = "<group>";
		};
		DCDB35D82ADDBC110037E10E /* habibe.koseoglu_Koseoglu_Habibe_ hw1 */ = {
			isa = PBXGroup;
			children = (
				DCDB35D92ADDBC110037E10E /* habibe.koseoglu_Koseoglu_Habibe_ hw1.cpp */,
				DCB9D6612B8CC1E3006419A1 /* matrix_6_2.board */,
				DCB9D65C2B8CC1E3006419A1 /* matrix_7_5.board */,
				DCB9D65E2B8CC1E3006419A1 /* matrix_9_3.board */,
				DCB9D65F2B8CC1E3006419A1 /* matrix_12_4.board */,
				DCB9D65D2B8CC1E3006419A1 /* matrix_18_8.board */,
				DCB9D6622B8CC1E3006419A1 /* matrix_20_4.board */,
				DCB9D6602B8CC1E3006419A1 /* matrix_50_10.board */,
				DCB9D6632B8CC204006419A1 /* matrix_4_2.board */,
			);
			path = "habibe.koseoglu_Koseoglu_Habibe_ hw1";
			sourceTree = "<group>";
		};
/* End PBXGroup section */

/* Begin PBXNativeTarget section */
		DCDB35D52ADDBC110037E10E /* hw1testcs204 */ = {
			isa = PBXNativeTarget;
			buildConfigurationList = DCDB35DD2ADDBC110037E10E /* Build configuration list for PBXNativeTarget "hw1testcs204" */;
			buildPhases = (
				DCDB35D22ADDBC110037E10E /* Sources */,
				DCDB35D32ADDBC110037E10E /* Frameworks */,
				DCDB35D42ADDBC110037E10E /* CopyFiles */,
				DCB9D65B2B8CC1C6006419A1 /* CopyFiles */,
			);
			buildRules = (
			);
			dependencies = (
			);
			name = hw1testcs204;
			productName = hw1testcs204;
			productReference = DCDB35D62ADDBC110037E10E /* hw1testcs204 */;
			productType = "com.apple.product-type.tool";
		};
/* End PBXNativeTarget section */

/* Begin PBXProject section */
		DCDB35CE2ADDBC110037E10E /* Project object */ = {
			isa = PBXProject;
			attributes = {
				BuildIndependentTargetsInParallel = 1;
				LastUpgradeCheck = 1500;
				TargetAttributes = {
					DCDB35D52ADDBC110037E10E = {
						CreatedOnToolsVersion = 15.0;
					};
				};
			};
			buildConfigurationList = DCDB35D12ADDBC110037E10E /* Build configuration list for PBXProject "hw1testcs204" */;
			compatibilityVersion = "Xcode 14.0";
			developmentRegion = en;
			hasScannedForEncodings = 0;
			knownRegions = (
				en,
				Base,
			);
			mainGroup = DCDB35CD2ADDBC110037E10E;
			productRefGroup = DCDB35D72ADDBC110037E10E /* Products */;
			projectDirPath = "";
			projectRoot = "";
			targets = (
				DCDB35D52ADDBC110037E10E /* hw1testcs204 */,
			);
		};
/* End PBXProject section */

/* Begin PBXSourcesBuildPhase section */
		DCDB35D22ADDBC110037E10E /* Sources */ = {
			isa = PBXSourcesBuildPhase;
			buildActionMask = 2147483647;
			files = (
				DCDB35DA2ADDBC110037E10E /* habibe.koseoglu_Koseoglu_Habibe_ hw1.cpp in Sources */,
			);
			runOnlyForDeploymentPostprocessing = 0;
		};
/* End PBXSourcesBuildPhase section */

/* Begin XCBuildConfiguration section */
		DCDB35DB2ADDBC110037E10E /* Debug */ = {
			isa = XCBuildConfiguration;
			buildSettings = {
				ALWAYS_SEARCH_USER_PATHS = NO;
				ASSETCATALOG_COMPILER_GENERATE_SWIFT_ASSET_SYMBOL_EXTENSIONS = YES;
				CLANG_ANALYZER_NONNULL = YES;
				CLANG_ANALYZER_NUMBER_OBJECT_CONVERSION = YES_AGGRESSIVE;
				CLANG_CXX_LANGUAGE_STANDARD = "gnu++20";
				CLANG_ENABLE_MODULES = YES;
				CLANG_ENABLE_OBJC_ARC = YES;
				CLANG_ENABLE_OBJC_WEAK = YES;
				CLANG_WARN_BLOCK_CAPTURE_AUTORELEASING = YES;
				CLANG_WARN_BOOL_CONVERSION = YES;
				CLANG_WARN_COMMA = YES;
				CLANG_WARN_CONSTANT_CONVERSION = YES;
				CLANG_WARN_DEPRECATED_OBJC_IMPLEMENTATIONS = YES;
				CLANG_WARN_DIRECT_OBJC_ISA_USAGE = YES_ERROR;
				CLANG_WARN_DOCUMENTATION_COMMENTS = YES;
				CLANG_WARN_EMPTY_BODY = YES;
				CLANG_WARN_ENUM_CONVERSION = YES;
				CLANG_WARN_INFINITE_RECURSION = YES;
				CLANG_WARN_INT_CONVERSION = YES;
				CLANG_WARN_NON_LITERAL_NULL_CONVERSION = YES;
				CLANG_WARN_OBJC_IMPLICIT_RETAIN_SELF = YES;
				CLANG_WARN_OBJC_LITERAL_CONVERSION = YES;
				CLANG_WARN_OBJC_ROOT_CLASS = YES_ERROR;
				CLANG_WARN_QUOTED_INCLUDE_IN_FRAMEWORK_HEADER = YES;
				CLANG_WARN_RANGE_LOOP_ANALYSIS = YES;
				CLANG_WARN_STRICT_PROTOTYPES = YES;
				CLANG_WARN_SUSPICIOUS_MOVE = YES;
				CLANG_WARN_UNGUARDED_AVAILABILITY = YES_AGGRESSIVE;
				CLANG_WARN_UNREACHABLE_CODE = YES;
				CLANG_WARN__DUPLICATE_METHOD_MATCH = YES;
				COPY_PHASE_STRIP = NO;
				DEBUG_INFORMATION_FORMAT = dwarf;
				ENABLE_STRICT_OBJC_MSGSEND = YES;
				ENABLE_TESTABILITY = YES;
				ENABLE_USER_SCRIPT_SANDBOXING = YES;
				GCC_C_LANGUAGE_STANDARD = gnu17;
				GCC_DYNAMIC_NO_PIC = NO;
				GCC_NO_COMMON_BLOCKS = YES;
				GCC_OPTIMIZATION_LEVEL = 0;
				GCC_PREPROCESSOR_DEFINITIONS = (
					"DEBUG=1",
					"$(inherited)",
				);
				GCC_WARN_64_TO_32_BIT_CONVERSION = YES;
				GCC_WARN_ABOUT_RETURN_TYPE = YES_ERROR;
				GCC_WARN_UNDECLARED_SELECTOR = YES;
				GCC_WARN_UNINITIALIZED_AUTOS = YES_AGGRESSIVE;
				GCC_WARN_UNUSED_FUNCTION = YES;
				GCC_WARN_UNUSED_VARIABLE = YES;
				LOCALIZATION_PREFERS_STRING_CATALOGS = YES;
				MACOSX_DEPLOYMENT_TARGET = 14.0;
				MTL_ENABLE_DEBUG_INFO = INCLUDE_SOURCE;
				MTL_FAST_MATH = YES;
				ONLY_ACTIVE_ARCH = YES;
				SDKROOT = macosx;
			};
			name = Debug;
		};
		DCDB35DC2ADDBC110037E10E /* Release */ = {
			isa = XCBuildConfiguration;
			buildSettings = {
				ALWAYS_SEARCH_USER_PATHS = NO;
				ASSETCATALOG_COMPILER_GENERATE_SWIFT_ASSET_SYMBOL_EXTENSIONS = YES;
				CLANG_ANALYZER_NONNULL = YES;
				CLANG_ANALYZER_NUMBER_OBJECT_CONVERSION = YES_AGGRESSIVE;
				CLANG_CXX_LANGUAGE_STANDARD = "gnu++20";
				CLANG_ENABLE_MODULES = YES;
				CLANG_ENABLE_OBJC_ARC = YES;
				CLANG_ENABLE_OBJC_WEAK = YES;
				CLANG_WARN_BLOCK_CAPTURE_AUTORELEASING = YES;
				CLANG_WARN_BOOL_CONVERSION = YES;
				CLANG_WARN_COMMA = YES;
				CLANG_WARN_CONSTANT_CONVERSION = YES;
				CLANG_WARN_DEPRECATED_OBJC_IMPLEMENTATIONS = YES;
				CLANG_WARN_DIRECT_OBJC_ISA_USAGE = YES_ERROR;
				CLANG_WARN_DOCUMENTATION_COMMENTS = YES;
				CLANG_WARN_EMPTY_BODY = YES;
				CLANG_WARN_ENUM_CONVERSION = YES;
				CLANG_WARN_INFINITE_RECURSION = YES;
				CLANG_WARN_INT_CONVERSION = YES;
				CLANG_WARN_NON_LITERAL_NULL_CONVERSION = YES;
				CLANG_WARN_OBJC_IMPLICIT_RETAIN_SELF = YES;
				CLANG_WARN_OBJC_LITERAL_CONVERSION = YES;
				CLANG_WARN_OBJC_ROOT_CLASS = YES_ERROR;
				CLANG_WARN_QUOTED_INCLUDE_IN_FRAMEWORK_HEADER = YES;
				CLANG_WARN_RANGE_LOOP_ANALYSIS = YES;
				CLANG_WARN_STRICT_PROTOTYPES = YES;
				CLANG_WARN_SUSPICIOUS_MOVE = YES;
				CLANG_WARN_UNGUARDED_AVAILABILITY = YES_AGGRESSIVE;
				CLANG_WARN_UNREACHABLE_CODE = YES;
				CLANG_WARN__DUPLICATE_METHOD_MATCH = YES;
				COPY_PHASE_STRIP = NO;
				DEBUG_INFORMATION_FORMAT = "dwarf-with-dsym";
				ENABLE_NS_ASSERTIONS = NO;
				ENABLE_STRICT_OBJC_MSGSEND = YES;
				ENABLE_USER_SCRIPT_SANDBOXING = YES;
				GCC_C_LANGUAGE_STANDARD = gnu17;
				GCC_NO_COMMON_BLOCKS = YES;
				GCC_WARN_64_TO_32_BIT_CONVERSION = YES;
				GCC_WARN_ABOUT_RETURN_TYPE = YES_ERROR;
				GCC_WARN_UNDECLARED_SELECTOR = YES;
				GCC_WARN_UNINITIALIZED_AUTOS = YES_AGGRESSIVE;
				GCC_WARN_UNUSED_FUNCTION = YES;
				GCC_WARN_UNUSED_VARIABLE = YES;
				LOCALIZATION_PREFERS_STRING_CATALOGS = YES;
				MACOSX_DEPLOYMENT_TARGET = 14.0;
				MTL_ENABLE_DEBUG_INFO = NO;
				MTL_FAST_MATH = YES;
				SDKROOT = macosx;
			};
			name = Release;
		};
		DCDB35DE2ADDBC110037E10E /* Debug */ = {
			isa = XCBuildConfiguration;
			buildSettings = {
				CODE_SIGN_STYLE = Automatic;
				DEVELOPMENT_TEAM = 9V6SH5FT6F;
				ENABLE_HARDENED_RUNTIME = YES;
				PRODUCT_NAME = "$(TARGET_NAME)";
			};
			name = Debug;
		};
		DCDB35DF2ADDBC110037E10E /* Release */ = {
			isa = XCBuildConfiguration;
			buildSettings = {
				CODE_SIGN_STYLE = Automatic;
				DEVELOPMENT_TEAM = 9V6SH5FT6F;
				ENABLE_HARDENED_RUNTIME = YES;
				PRODUCT_NAME = "$(TARGET_NAME)";
			};
			name = Release;
		};
/* End XCBuildConfiguration section */

/* Begin XCConfigurationList section */
		DCDB35D12ADDBC110037E10E /* Build configuration list for PBXProject "hw1testcs204" */ = {
			isa = XCConfigurationList;
			buildConfigurations = (
				DCDB35DB2ADDBC110037E10E /* Debug */,
				DCDB35DC2ADDBC110037E10E /* Release */,
			);
			defaultConfigurationIsVisible = 0;
			defaultConfigurationName = Release;
		};
		DCDB35DD2ADDBC110037E10E /* Build configuration list for PBXNativeTarget "hw1testcs204" */ = {
			isa = XCConfigurationList;
			buildConfigurations = (
				DCDB35DE2ADDBC110037E10E /* Debug */,
				DCDB35DF2ADDBC110037E10E /* Release */,
			);
			defaultConfigurationIsVisible = 0;
			defaultConfigurationName = Release;
		};
/* End XCConfigurationList section */
	};
	rootObject = DCDB35CE2ADDBC110037E10E /* Project object */;
}
